
Microsoft Visual Studio Solution File, Format Version 12.00
# Visual Studio for Mac
Project("{FAE04EC0-301F-11D3-BF4B-00C04F79EFBC}") = "RightsizeChallenge", "RightsizeChallenge.csproj", "{3DD40337-4416-5254-BF32-7FD3466BD39A}"
EndProject
Project("{FAE04EC0-301F-11D3-BF4B-00C04F79EFBC}") = "RightsizeChallenge.Editor", "RightsizeChallenge.Editor.csproj", "{32C47165-8668-4D85-ED48-5D2AA4D344FD}"
EndProject
Global
	GlobalSection(SolutionConfigurationPlatforms) = preSolution
		Debug|Any CPU = Debug|Any CPU
		Release|Any CPU = Release|Any CPU
	EndGlobalSection
	GlobalSection(ProjectConfigurationPlatforms) = postSolution
		{3DD40337-4416-5254-BF32-7FD3466BD39A}.Debug|Any CPU.ActiveCfg = Debug|Any CPU
		{3DD40337-4416-5254-BF32-7FD3466BD39A}.Debug|Any CPU.Build.0 = Debug|Any CPU
		{3DD40337-4416-5254-BF32-7FD3466BD39A}.Release|Any CPU.ActiveCfg = Release|Any CPU
		{3DD40337-4416-5254-BF32-7FD3466BD39A}.Release|Any CPU.Build.0 = Release|Any CPU
		{32C47165-8668-4D85-ED48-5D2AA4D344FD}.Debug|Any CPU.ActiveCfg = Debug|Any CPU
		{32C47165-8668-4D85-ED48-5D2AA4D344FD}.Debug|Any CPU.Build.0 = Debug|Any CPU
		{32C47165-8668-4D85-ED48-5D2AA4D344FD}.Release|Any CPU.ActiveCfg = Release|Any CPU
		{32C47165-8668-4D85-ED48-5D2AA4D344FD}.Release|Any CPU.Build.0 = Release|Any CPU
	EndGlobalSection
	GlobalSection(SolutionProperties) = preSolution
		HideSolutionNode = FALSE
	EndGlobalSection
EndGlobal
